
Microsoft Visual Studio Solution File, Format Version 12.00
# Visual Studio Version 16
VisualStudioVersion = 16.0.30523.141
MinimumVisualStudioVersion = 10.0.40219.1
Project("{FAE04EC0-301F-11D3-BF4B-00C04F79EFBC}") = "Iurec_Alexandra_Lab8", "Iurec_Alexandra_Lab8.csproj", "{5FE5B24E-215D-4228-A450-3C819AF7AA44}"
EndProject
Global
	GlobalSection(SolutionConfigurationPlatforms) = preSolution
		Debug|Any CPU = Debug|Any CPU
		Release|Any CPU = Release|Any CPU
	EndGlobalSection
	GlobalSection(ProjectConfigurationPlatforms) = postSolution
		{5FE5B24E-215D-4228-A450-3C819AF7AA44}.Debug|Any CPU.ActiveCfg = Debug|Any CPU
		{5FE5B24E-215D-4228-A450-3C819AF7AA44}.Debug|Any CPU.Build.0 = Debug|Any CPU
		{5FE5B24E-215D-4228-A450-3C819AF7AA44}.Release|Any CPU.ActiveCfg = Release|Any CPU
		{5FE5B24E-215D-4228-A450-3C819AF7AA44}.Release|Any CPU.Build.0 = Release|Any CPU
	EndGlobalSection
	GlobalSection(SolutionProperties) = preSolution
		HideSolutionNode = FALSE
	EndGlobalSection
	GlobalSection(ExtensibilityGlobals) = postSolution
		SolutionGuid = {3C2370D1-B7E0-46CE-BFD9-F23FA0A12AED}
	EndGlobalSection
EndGlobal
